// !$*UTF8*$!
{
	archiveVersion = 1;
	classes = {
	};
	objectVersion = 55;
	objects = {

/* Begin PBXBuildFile section */
		82BADF098DA6246AEBC52B53 /* Pods_CStats.framework in Frameworks */ = {isa = PBXBuildFile; fileRef = 3DDBA369C660544AD4963C1E /* Pods_CStats.framework */; };
		C03E4F062855C6280041E380 /* MeetingViewController.swift in Sources */ = {isa = PBXBuildFile; fileRef = C03E4F042855C6280041E380 /* MeetingViewController.swift */; };
		C03E4F072855C6280041E380 /* MeetingViewController.xib in Resources */ = {isa = PBXBuildFile; fileRef = C03E4F052855C6280041E380 /* MeetingViewController.xib */; };
		C03E4F0A286256150041E380 /* GraphMeetViewController.swift in Sources */ = {isa = PBXBuildFile; fileRef = C03E4F08286256150041E380 /* GraphMeetViewController.swift */; };
		C03E4F0B286256150041E380 /* GraphMeetViewController.xib in Resources */ = {isa = PBXBuildFile; fileRef = C03E4F09286256150041E380 /* GraphMeetViewController.xib */; };
		C03E4F13286273CE0041E380 /* MessageViewController.swift in Sources */ = {isa = PBXBuildFile; fileRef = C03E4F11286273CE0041E380 /* MessageViewController.swift */; };
		C03E4F14286273CE0041E380 /* MessageViewController.xib in Resources */ = {isa = PBXBuildFile; fileRef = C03E4F12286273CE0041E380 /* MessageViewController.xib */; };
		C03E4F18286274930041E380 /* GraphMessViewController.swift in Sources */ = {isa = PBXBuildFile; fileRef = C03E4F16286274930041E380 /* GraphMessViewController.swift */; };
		C03E4F19286274930041E380 /* GraphMessViewController.xib in Resources */ = {isa = PBXBuildFile; fileRef = C03E4F17286274930041E380 /* GraphMessViewController.xib */; };
		C03E4F1C286275D00041E380 /* SondageViewController.swift in Sources */ = {isa = PBXBuildFile; fileRef = C03E4F1A286275D00041E380 /* SondageViewController.swift */; };
		C03E4F1D286275D10041E380 /* SondageViewController.xib in Resources */ = {isa = PBXBuildFile; fileRef = C03E4F1B286275D00041E380 /* SondageViewController.xib */; };
		C03E4F20286276B40041E380 /* GraphSondageViewController.swift in Sources */ = {isa = PBXBuildFile; fileRef = C03E4F1E286276B40041E380 /* GraphSondageViewController.swift */; };
		C03E4F21286276B40041E380 /* GraphSondageViewController.xib in Resources */ = {isa = PBXBuildFile; fileRef = C03E4F1F286276B40041E380 /* GraphSondageViewController.xib */; };
		C03E4F24286277400041E380 /* CotisationViewController.swift in Sources */ = {isa = PBXBuildFile; fileRef = C03E4F22286277400041E380 /* CotisationViewController.swift */; };
		C03E4F25286277400041E380 /* CotisationViewController.xib in Resources */ = {isa = PBXBuildFile; fileRef = C03E4F23286277400041E380 /* CotisationViewController.xib */; };
		C03E4F282862780A0041E380 /* GraphCotisationViewController.swift in Sources */ = {isa = PBXBuildFile; fileRef = C03E4F262862780A0041E380 /* GraphCotisationViewController.swift */; };
		C03E4F292862780A0041E380 /* GraphCotisationViewController.xib in Resources */ = {isa = PBXBuildFile; fileRef = C03E4F272862780A0041E380 /* GraphCotisationViewController.xib */; };
		C03E4F2B286291AE0041E380 /* ItemList.swift in Sources */ = {isa = PBXBuildFile; fileRef = C03E4F2A286291AE0041E380 /* ItemList.swift */; };
		C0A8CBE62880ABEC005CE156 /* ChartStringFormatter.swift in Sources */ = {isa = PBXBuildFile; fileRef = C0A8CBE52880ABEC005CE156 /* ChartStringFormatter.swift */; };
		C0D3F8C328685F1E00C1159A /* UserSession.swift in Sources */ = {isa = PBXBuildFile; fileRef = C0D3F8C228685F1E00C1159A /* UserSession.swift */; };
		C0D3F8CA287714BC00C1159A /* GraphStatesVoteViewController.swift in Sources */ = {isa = PBXBuildFile; fileRef = C0D3F8C8287714BC00C1159A /* GraphStatesVoteViewController.swift */; };
		C0D3F8CB287714BC00C1159A /* GraphStatesVoteViewController.xib in Resources */ = {isa = PBXBuildFile; fileRef = C0D3F8C9287714BC00C1159A /* GraphStatesVoteViewController.xib */; };
		C0D3F8D328771E9900C1159A /* GraphAbstentionViewController.swift in Sources */ = {isa = PBXBuildFile; fileRef = C0D3F8D128771E9900C1159A /* GraphAbstentionViewController.swift */; };
		C0D3F8D428771E9900C1159A /* GraphAbstentionViewController.xib in Resources */ = {isa = PBXBuildFile; fileRef = C0D3F8D228771E9900C1159A /* GraphAbstentionViewController.xib */; };
		C0D3F8D828771FDC00C1159A /* AbstentionViewController.swift in Sources */ = {isa = PBXBuildFile; fileRef = C0D3F8D628771FDC00C1159A /* AbstentionViewController.swift */; };
		C0D3F8D928771FDC00C1159A /* AbstentionViewController.xib in Resources */ = {isa = PBXBuildFile; fileRef = C0D3F8D728771FDC00C1159A /* AbstentionViewController.xib */; };
		C0D3F8DC2877241C00C1159A /* ResultViewController.swift in Sources */ = {isa = PBXBuildFile; fileRef = C0D3F8DA2877241C00C1159A /* ResultViewController.swift */; };
		C0D3F8DD2877241C00C1159A /* ResultViewController.xib in Resources */ = {isa = PBXBuildFile; fileRef = C0D3F8DB2877241C00C1159A /* ResultViewController.xib */; };
		C0D3F8E02877243000C1159A /* GraphResultViewController.swift in Sources */ = {isa = PBXBuildFile; fileRef = C0D3F8DE2877243000C1159A /* GraphResultViewController.swift */; };
		C0D3F8E12877243000C1159A /* GraphResultViewController.xib in Resources */ = {isa = PBXBuildFile; fileRef = C0D3F8DF2877243000C1159A /* GraphResultViewController.xib */; };
		C0D3F8E4287778E600C1159A /* GoogleService-Info.plist in Resources */ = {isa = PBXBuildFile; fileRef = C0D3F8E3287778E500C1159A /* GoogleService-Info.plist */; };
		C0D3F8E828777D6000C1159A /* FirebaseAnalytics in Frameworks */ = {isa = PBXBuildFile; productRef = C0D3F8E728777D6000C1159A /* FirebaseAnalytics */; };
		C0D3F8EA28777D6000C1159A /* FirebaseAnalyticsSwift in Frameworks */ = {isa = PBXBuildFile; productRef = C0D3F8E928777D6000C1159A /* FirebaseAnalyticsSwift */; };
		C0D3F8EC28777D6000C1159A /* FirebaseAnalyticsWithoutAdIdSupport in Frameworks */ = {isa = PBXBuildFile; productRef = C0D3F8EB28777D6000C1159A /* FirebaseAnalyticsWithoutAdIdSupport */; };
		C0D3F8EE28777D6000C1159A /* FirebaseAuth in Frameworks */ = {isa = PBXBuildFile; productRef = C0D3F8ED28777D6000C1159A /* FirebaseAuth */; };
		C0D3F8F028777D6000C1159A /* FirebaseAuthCombine-Community in Frameworks */ = {isa = PBXBuildFile; productRef = C0D3F8EF28777D6000C1159A /* FirebaseAuthCombine-Community */; };
		C0D3F8F228777D6000C1159A /* FirebaseCrashlytics in Frameworks */ = {isa = PBXBuildFile; productRef = C0D3F8F128777D6000C1159A /* FirebaseCrashlytics */; };
		C0D3F8F428777D6000C1159A /* FirebaseDatabase in Frameworks */ = {isa = PBXBuildFile; productRef = C0D3F8F328777D6000C1159A /* FirebaseDatabase */; };
		C0D3F8F628777D6000C1159A /* FirebaseDatabaseSwift in Frameworks */ = {isa = PBXBuildFile; productRef = C0D3F8F528777D6000C1159A /* FirebaseDatabaseSwift */; };
		C0D3F8F828777D6000C1159A /* FirebaseRemoteConfig in Frameworks */ = {isa = PBXBuildFile; productRef = C0D3F8F728777D6000C1159A /* FirebaseRemoteConfig */; };
		C0D3F8FA28777D6000C1159A /* FirebaseRemoteConfigSwift in Frameworks */ = {isa = PBXBuildFile; productRef = C0D3F8F928777D6000C1159A /* FirebaseRemoteConfigSwift */; };
		C0D3F8FC287AEFC200C1159A /* User.swift in Sources */ = {isa = PBXBuildFile; fileRef = C0D3F8FB287AEFC200C1159A /* User.swift */; };
		C0D3F8FF287B4FDD00C1159A /* ItemMeetViewController.swift in Sources */ = {isa = PBXBuildFile; fileRef = C0D3F8FD287B4FDD00C1159A /* ItemMeetViewController.swift */; };
		C0D3F900287B4FDD00C1159A /* ItemMeetViewController.xib in Resources */ = {isa = PBXBuildFile; fileRef = C0D3F8FE287B4FDD00C1159A /* ItemMeetViewController.xib */; };
		C0E51417282C629000C8AF23 /* AppDelegate.swift in Sources */ = {isa = PBXBuildFile; fileRef = C0E51416282C629000C8AF23 /* AppDelegate.swift */; };
		C0E51420282C629100C8AF23 /* Assets.xcassets in Resources */ = {isa = PBXBuildFile; fileRef = C0E5141F282C629100C8AF23 /* Assets.xcassets */; };
		C0E51423282C629100C8AF23 /* LaunchScreen.storyboard in Resources */ = {isa = PBXBuildFile; fileRef = C0E51421282C629100C8AF23 /* LaunchScreen.storyboard */; };
		C0E51434282DAAFB00C8AF23 /* InscriptionViewController.swift in Sources */ = {isa = PBXBuildFile; fileRef = C0E51432282DAAFB00C8AF23 /* InscriptionViewController.swift */; };
		C0E51435282DAAFB00C8AF23 /* InscriptionViewController.xib in Resources */ = {isa = PBXBuildFile; fileRef = C0E51433282DAAFB00C8AF23 /* InscriptionViewController.xib */; };
		C0E51438282DADA700C8AF23 /* InscriptionMessViewController.swift in Sources */ = {isa = PBXBuildFile; fileRef = C0E51436282DADA700C8AF23 /* InscriptionMessViewController.swift */; };
		C0E51439282DADA700C8AF23 /* InscriptionMessViewController.xib in Resources */ = {isa = PBXBuildFile; fileRef = C0E51437282DADA700C8AF23 /* InscriptionMessViewController.xib */; };
		C0E5143C282DB05C00C8AF23 /* HomePageViewController.swift in Sources */ = {isa = PBXBuildFile; fileRef = C0E5143A282DB05C00C8AF23 /* HomePageViewController.swift */; };
		C0E5143D282DB05C00C8AF23 /* HomePageViewController.xib in Resources */ = {isa = PBXBuildFile; fileRef = C0E5143B282DB05C00C8AF23 /* HomePageViewController.xib */; };
		C0E51440282DB39300C8AF23 /* ConnexionViewController.swift in Sources */ = {isa = PBXBuildFile; fileRef = C0E5143E282DB39200C8AF23 /* ConnexionViewController.swift */; };
		C0E51441282DB39300C8AF23 /* ConnexionViewController.xib in Resources */ = {isa = PBXBuildFile; fileRef = C0E5143F282DB39200C8AF23 /* ConnexionViewController.xib */; };
		C0E51443282E9CD100C8AF23 /* CstatesWebServices.swift in Sources */ = {isa = PBXBuildFile; fileRef = C0E51442282E9CD100C8AF23 /* CstatesWebServices.swift */; };
		C0E51447283531F400C8AF23 /* PoliticPartyViewController.swift in Sources */ = {isa = PBXBuildFile; fileRef = C0E51445283531F400C8AF23 /* PoliticPartyViewController.swift */; };
		C0E51448283531F400C8AF23 /* PoliticPartyViewController.xib in Resources */ = {isa = PBXBuildFile; fileRef = C0E51446283531F400C8AF23 /* PoliticPartyViewController.xib */; };
		C0E5144C283533AC00C8AF23 /* ManifestationViewController.swift in Sources */ = {isa = PBXBuildFile; fileRef = C0E5144A283533AC00C8AF23 /* ManifestationViewController.swift */; };
		C0E5144D283533AC00C8AF23 /* ManifestationViewController.xib in Resources */ = {isa = PBXBuildFile; fileRef = C0E5144B283533AC00C8AF23 /* ManifestationViewController.xib */; };
		C0E514512835341800C8AF23 /* VoteViewController.swift in Sources */ = {isa = PBXBuildFile; fileRef = C0E5144F2835341800C8AF23 /* VoteViewController.swift */; };
		C0E514522835341800C8AF23 /* VoteViewController.xib in Resources */ = {isa = PBXBuildFile; fileRef = C0E514502835341800C8AF23 /* VoteViewController.xib */; };
		C0E514562835572300C8AF23 /* StatesPoliticPartyViewController.swift in Sources */ = {isa = PBXBuildFile; fileRef = C0E514542835572300C8AF23 /* StatesPoliticPartyViewController.swift */; };
		C0E514572835572300C8AF23 /* StatesPoliticPartyViewController.xib in Resources */ = {isa = PBXBuildFile; fileRef = C0E514552835572300C8AF23 /* StatesPoliticPartyViewController.xib */; };
		C0E5145A2835605C00C8AF23 /* StatesVoteViewController.swift in Sources */ = {isa = PBXBuildFile; fileRef = C0E514582835605C00C8AF23 /* StatesVoteViewController.swift */; };
		C0E5145B2835605C00C8AF23 /* StatesVoteViewController.xib in Resources */ = {isa = PBXBuildFile; fileRef = C0E514592835605C00C8AF23 /* StatesVoteViewController.xib */; };
		C0E514602835622800C8AF23 /* StatesManifestationViewController.swift in Sources */ = {isa = PBXBuildFile; fileRef = C0E5145E2835622800C8AF23 /* StatesManifestationViewController.swift */; };
		C0E514612835622800C8AF23 /* StatesManifestationViewController.xib in Resources */ = {isa = PBXBuildFile; fileRef = C0E5145F2835622800C8AF23 /* StatesManifestationViewController.xib */; };
		C0FCBFAE28452DC000FF3E3F /* SuppAdherentViewController.swift in Sources */ = {isa = PBXBuildFile; fileRef = C0FCBFAC28452DC000FF3E3F /* SuppAdherentViewController.swift */; };
		C0FCBFAF28452DC000FF3E3F /* SuppAdherentViewController.xib in Resources */ = {isa = PBXBuildFile; fileRef = C0FCBFAD28452DC000FF3E3F /* SuppAdherentViewController.xib */; };
/* End PBXBuildFile section */

/* Begin PBXFileReference section */
		3DDBA369C660544AD4963C1E /* Pods_CStats.framework */ = {isa = PBXFileReference; explicitFileType = wrapper.framework; includeInIndex = 0; path = Pods_CStats.framework; sourceTree = BUILT_PRODUCTS_DIR; };
		82D4FD57DF2283BCCB598C5A /* Pods-CStats.release.xcconfig */ = {isa = PBXFileReference; includeInIndex = 1; lastKnownFileType = text.xcconfig; name = "Pods-CStats.release.xcconfig"; path = "Target Support Files/Pods-CStats/Pods-CStats.release.xcconfig"; sourceTree = "<group>"; };
		C03E4F042855C6280041E380 /* MeetingViewController.swift */ = {isa = PBXFileReference; lastKnownFileType = sourcecode.swift; path = MeetingViewController.swift; sourceTree = "<group>"; };
		C03E4F052855C6280041E380 /* MeetingViewController.xib */ = {isa = PBXFileReference; lastKnownFileType = file.xib; path = MeetingViewController.xib; sourceTree = "<group>"; };
		C03E4F08286256150041E380 /* GraphMeetViewController.swift */ = {isa = PBXFileReference; lastKnownFileType = sourcecode.swift; path = GraphMeetViewController.swift; sourceTree = "<group>"; };
		C03E4F09286256150041E380 /* GraphMeetViewController.xib */ = {isa = PBXFileReference; lastKnownFileType = file.xib; path = GraphMeetViewController.xib; sourceTree = "<group>"; };
		C03E4F11286273CE0041E380 /* MessageViewController.swift */ = {isa = PBXFileReference; lastKnownFileType = sourcecode.swift; path = MessageViewController.swift; sourceTree = "<group>"; };
		C03E4F12286273CE0041E380 /* MessageViewController.xib */ = {isa = PBXFileReference; lastKnownFileType = file.xib; path = MessageViewController.xib; sourceTree = "<group>"; };
		C03E4F16286274930041E380 /* GraphMessViewController.swift */ = {isa = PBXFileReference; lastKnownFileType = sourcecode.swift; path = GraphMessViewController.swift; sourceTree = "<group>"; };
		C03E4F17286274930041E380 /* GraphMessViewController.xib */ = {isa = PBXFileReference; lastKnownFileType = file.xib; path = GraphMessViewController.xib; sourceTree = "<group>"; };
		C03E4F1A286275D00041E380 /* SondageViewController.swift */ = {isa = PBXFileReference; lastKnownFileType = sourcecode.swift; path = SondageViewController.swift; sourceTree = "<group>"; };
		C03E4F1B286275D00041E380 /* SondageViewController.xib */ = {isa = PBXFileReference; lastKnownFileType = file.xib; path = SondageViewController.xib; sourceTree = "<group>"; };
		C03E4F1E286276B40041E380 /* GraphSondageViewController.swift */ = {isa = PBXFileReference; lastKnownFileType = sourcecode.swift; path = GraphSondageViewController.swift; sourceTree = "<group>"; };
		C03E4F1F286276B40041E380 /* GraphSondageViewController.xib */ = {isa = PBXFileReference; lastKnownFileType = file.xib; path = GraphSondageViewController.xib; sourceTree = "<group>"; };
		C03E4F22286277400041E380 /* CotisationViewController.swift */ = {isa = PBXFileReference; lastKnownFileType = sourcecode.swift; path = CotisationViewController.swift; sourceTree = "<group>"; };
		C03E4F23286277400041E380 /* CotisationViewController.xib */ = {isa = PBXFileReference; lastKnownFileType = file.xib; path = CotisationViewController.xib; sourceTree = "<group>"; };
		C03E4F262862780A0041E380 /* GraphCotisationViewController.swift */ = {isa = PBXFileReference; lastKnownFileType = sourcecode.swift; path = GraphCotisationViewController.swift; sourceTree = "<group>"; };
		C03E4F272862780A0041E380 /* GraphCotisationViewController.xib */ = {isa = PBXFileReference; lastKnownFileType = file.xib; path = GraphCotisationViewController.xib; sourceTree = "<group>"; };
		C03E4F2A286291AE0041E380 /* ItemList.swift */ = {isa = PBXFileReference; lastKnownFileType = sourcecode.swift; path = ItemList.swift; sourceTree = "<group>"; };
		C0A8CBE52880ABEC005CE156 /* ChartStringFormatter.swift */ = {isa = PBXFileReference; lastKnownFileType = sourcecode.swift; path = ChartStringFormatter.swift; sourceTree = "<group>"; };
		C0D3F8C228685F1E00C1159A /* UserSession.swift */ = {isa = PBXFileReference; lastKnownFileType = sourcecode.swift; path = UserSession.swift; sourceTree = "<group>"; };
		C0D3F8C8287714BC00C1159A /* GraphStatesVoteViewController.swift */ = {isa = PBXFileReference; lastKnownFileType = sourcecode.swift; path = GraphStatesVoteViewController.swift; sourceTree = "<group>"; };
		C0D3F8C9287714BC00C1159A /* GraphStatesVoteViewController.xib */ = {isa = PBXFileReference; lastKnownFileType = file.xib; path = GraphStatesVoteViewController.xib; sourceTree = "<group>"; };
		C0D3F8D128771E9900C1159A /* GraphAbstentionViewController.swift */ = {isa = PBXFileReference; lastKnownFileType = sourcecode.swift; path = GraphAbstentionViewController.swift; sourceTree = "<group>"; };
		C0D3F8D228771E9900C1159A /* GraphAbstentionViewController.xib */ = {isa = PBXFileReference; lastKnownFileType = file.xib; path = GraphAbstentionViewController.xib; sourceTree = "<group>"; };
		C0D3F8D628771FDC00C1159A /* AbstentionViewController.swift */ = {isa = PBXFileReference; lastKnownFileType = sourcecode.swift; path = AbstentionViewController.swift; sourceTree = "<group>"; };
		C0D3F8D728771FDC00C1159A /* AbstentionViewController.xib */ = {isa = PBXFileReference; lastKnownFileType = file.xib; path = AbstentionViewController.xib; sourceTree = "<group>"; };
		C0D3F8DA2877241C00C1159A /* ResultViewController.swift */ = {isa = PBXFileReference; lastKnownFileType = sourcecode.swift; path = ResultViewController.swift; sourceTree = "<group>"; };
		C0D3F8DB2877241C00C1159A /* ResultViewController.xib */ = {isa = PBXFileReference; lastKnownFileType = file.xib; path = ResultViewController.xib; sourceTree = "<group>"; };
		C0D3F8DE2877243000C1159A /* GraphResultViewController.swift */ = {isa = PBXFileReference; lastKnownFileType = sourcecode.swift; path = GraphResultViewController.swift; sourceTree = "<group>"; };
		C0D3F8DF2877243000C1159A /* GraphResultViewController.xib */ = {isa = PBXFileReference; lastKnownFileType = file.xib; path = GraphResultViewController.xib; sourceTree = "<group>"; };
		C0D3F8E3287778E500C1159A /* GoogleService-Info.plist */ = {isa = PBXFileReference; fileEncoding = 4; lastKnownFileType = text.plist.xml; path = "GoogleService-Info.plist"; sourceTree = "<group>"; };
		C0D3F8FB287AEFC200C1159A /* User.swift */ = {isa = PBXFileReference; lastKnownFileType = sourcecode.swift; path = User.swift; sourceTree = "<group>"; };
		C0D3F8FD287B4FDD00C1159A /* ItemMeetViewController.swift */ = {isa = PBXFileReference; lastKnownFileType = sourcecode.swift; path = ItemMeetViewController.swift; sourceTree = "<group>"; };
		C0D3F8FE287B4FDD00C1159A /* ItemMeetViewController.xib */ = {isa = PBXFileReference; lastKnownFileType = file.xib; path = ItemMeetViewController.xib; sourceTree = "<group>"; };
		C0E51413282C629000C8AF23 /* CStats.app */ = {isa = PBXFileReference; explicitFileType = wrapper.application; includeInIndex = 0; path = CStats.app; sourceTree = BUILT_PRODUCTS_DIR; };
		C0E51416282C629000C8AF23 /* AppDelegate.swift */ = {isa = PBXFileReference; lastKnownFileType = sourcecode.swift; path = AppDelegate.swift; sourceTree = "<group>"; };
		C0E5141F282C629100C8AF23 /* Assets.xcassets */ = {isa = PBXFileReference; lastKnownFileType = folder.assetcatalog; path = Assets.xcassets; sourceTree = "<group>"; };
		C0E51422282C629100C8AF23 /* Base */ = {isa = PBXFileReference; lastKnownFileType = file.storyboard; name = Base; path = Base.lproj/LaunchScreen.storyboard; sourceTree = "<group>"; };
		C0E51424282C629100C8AF23 /* Info.plist */ = {isa = PBXFileReference; lastKnownFileType = text.plist.xml; path = Info.plist; sourceTree = "<group>"; };
		C0E51432282DAAFB00C8AF23 /* InscriptionViewController.swift */ = {isa = PBXFileReference; lastKnownFileType = sourcecode.swift; path = InscriptionViewController.swift; sourceTree = "<group>"; };
		C0E51433282DAAFB00C8AF23 /* InscriptionViewController.xib */ = {isa = PBXFileReference; lastKnownFileType = file.xib; path = InscriptionViewController.xib; sourceTree = "<group>"; };
		C0E51436282DADA700C8AF23 /* InscriptionMessViewController.swift */ = {isa = PBXFileReference; lastKnownFileType = sourcecode.swift; path = InscriptionMessViewController.swift; sourceTree = "<group>"; };
		C0E51437282DADA700C8AF23 /* InscriptionMessViewController.xib */ = {isa = PBXFileReference; lastKnownFileType = file.xib; path = InscriptionMessViewController.xib; sourceTree = "<group>"; };
		C0E5143A282DB05C00C8AF23 /* HomePageViewController.swift */ = {isa = PBXFileReference; lastKnownFileType = sourcecode.swift; path = HomePageViewController.swift; sourceTree = "<group>"; };
		C0E5143B282DB05C00C8AF23 /* HomePageViewController.xib */ = {isa = PBXFileReference; lastKnownFileType = file.xib; path = HomePageViewController.xib; sourceTree = "<group>"; };
		C0E5143E282DB39200C8AF23 /* ConnexionViewController.swift */ = {isa = PBXFileReference; lastKnownFileType = sourcecode.swift; path = ConnexionViewController.swift; sourceTree = "<group>"; };
		C0E5143F282DB39200C8AF23 /* ConnexionViewController.xib */ = {isa = PBXFileReference; lastKnownFileType = file.xib; path = ConnexionViewController.xib; sourceTree = "<group>"; };
		C0E51442282E9CD100C8AF23 /* CstatesWebServices.swift */ = {isa = PBXFileReference; lastKnownFileType = sourcecode.swift; path = CstatesWebServices.swift; sourceTree = "<group>"; };
		C0E51445283531F400C8AF23 /* PoliticPartyViewController.swift */ = {isa = PBXFileReference; lastKnownFileType = sourcecode.swift; path = PoliticPartyViewController.swift; sourceTree = "<group>"; };
		C0E51446283531F400C8AF23 /* PoliticPartyViewController.xib */ = {isa = PBXFileReference; lastKnownFileType = file.xib; path = PoliticPartyViewController.xib; sourceTree = "<group>"; };
		C0E5144A283533AC00C8AF23 /* ManifestationViewController.swift */ = {isa = PBXFileReference; lastKnownFileType = sourcecode.swift; path = ManifestationViewController.swift; sourceTree = "<group>"; };
		C0E5144B283533AC00C8AF23 /* ManifestationViewController.xib */ = {isa = PBXFileReference; lastKnownFileType = file.xib; path = ManifestationViewController.xib; sourceTree = "<group>"; };
		C0E5144F2835341800C8AF23 /* VoteViewController.swift */ = {isa = PBXFileReference; lastKnownFileType = sourcecode.swift; path = VoteViewController.swift; sourceTree = "<group>"; };
		C0E514502835341800C8AF23 /* VoteViewController.xib */ = {isa = PBXFileReference; lastKnownFileType = file.xib; path = VoteViewController.xib; sourceTree = "<group>"; };
		C0E514542835572300C8AF23 /* StatesPoliticPartyViewController.swift */ = {isa = PBXFileReference; lastKnownFileType = sourcecode.swift; path = StatesPoliticPartyViewController.swift; sourceTree = "<group>"; };
		C0E514552835572300C8AF23 /* StatesPoliticPartyViewController.xib */ = {isa = PBXFileReference; lastKnownFileType = file.xib; path = StatesPoliticPartyViewController.xib; sourceTree = "<group>"; };
		C0E514582835605C00C8AF23 /* StatesVoteViewController.swift */ = {isa = PBXFileReference; lastKnownFileType = sourcecode.swift; path = StatesVoteViewController.swift; sourceTree = "<group>"; };
		C0E514592835605C00C8AF23 /* StatesVoteViewController.xib */ = {isa = PBXFileReference; lastKnownFileType = file.xib; path = StatesVoteViewController.xib; sourceTree = "<group>"; };
		C0E5145E2835622800C8AF23 /* StatesManifestationViewController.swift */ = {isa = PBXFileReference; lastKnownFileType = sourcecode.swift; path = StatesManifestationViewController.swift; sourceTree = "<group>"; };
		C0E5145F2835622800C8AF23 /* StatesManifestationViewController.xib */ = {isa = PBXFileReference; lastKnownFileType = file.xib; path = StatesManifestationViewController.xib; sourceTree = "<group>"; };
		C0FCBFAC28452DC000FF3E3F /* SuppAdherentViewController.swift */ = {isa = PBXFileReference; lastKnownFileType = sourcecode.swift; path = SuppAdherentViewController.swift; sourceTree = "<group>"; };
		C0FCBFAD28452DC000FF3E3F /* SuppAdherentViewController.xib */ = {isa = PBXFileReference; lastKnownFileType = file.xib; path = SuppAdherentViewController.xib; sourceTree = "<group>"; };
		CA0FD8B635A48E83EF6A2201 /* Pods-CStats.debug.xcconfig */ = {isa = PBXFileReference; includeInIndex = 1; lastKnownFileType = text.xcconfig; name = "Pods-CStats.debug.xcconfig"; path = "Target Support Files/Pods-CStats/Pods-CStats.debug.xcconfig"; sourceTree = "<group>"; };
/* End PBXFileReference section */

/* Begin PBXFrameworksBuildPhase section */
		C0E51410282C629000C8AF23 /* Frameworks */ = {
			isa = PBXFrameworksBuildPhase;
			buildActionMask = 2147483647;
			files = (
				C0D3F8EA28777D6000C1159A /* FirebaseAnalyticsSwift in Frameworks */,
				C0D3F8F028777D6000C1159A /* FirebaseAuthCombine-Community in Frameworks */,
				C0D3F8EE28777D6000C1159A /* FirebaseAuth in Frameworks */,
				C0D3F8F628777D6000C1159A /* FirebaseDatabaseSwift in Frameworks */,
				C0D3F8F228777D6000C1159A /* FirebaseCrashlytics in Frameworks */,
				C0D3F8FA28777D6000C1159A /* FirebaseRemoteConfigSwift in Frameworks */,
				C0D3F8E828777D6000C1159A /* FirebaseAnalytics in Frameworks */,
				82BADF098DA6246AEBC52B53 /* Pods_CStats.framework in Frameworks */,
				C0D3F8F428777D6000C1159A /* FirebaseDatabase in Frameworks */,
				C0D3F8EC28777D6000C1159A /* FirebaseAnalyticsWithoutAdIdSupport in Frameworks */,
				C0D3F8F828777D6000C1159A /* FirebaseRemoteConfig in Frameworks */,
			);
			runOnlyForDeploymentPostprocessing = 0;
		};
/* End PBXFrameworksBuildPhase section */

/* Begin PBXGroup section */
		16AB026977395FB17E44B4B1 /* Frameworks */ = {
			isa = PBXGroup;
			children = (
				3DDBA369C660544AD4963C1E /* Pods_CStats.framework */,
			);
			name = Frameworks;
			sourceTree = "<group>";
		};
		C03E4F0E286260140041E380 /* Object */ = {
			isa = PBXGroup;
			children = (
				C03E4F2A286291AE0041E380 /* ItemList.swift */,
				C0D3F8FB287AEFC200C1159A /* User.swift */,
			);
			path = Object;
			sourceTree = "<group>";
		};
		C03E4F15286273DD0041E380 /* Graph */ = {
			isa = PBXGroup;
			children = (
				C0D3F8E228772A5000C1159A /* Adherents */,
				C03E4F08286256150041E380 /* GraphMeetViewController.swift */,
				C03E4F09286256150041E380 /* GraphMeetViewController.xib */,
				C03E4F16286274930041E380 /* GraphMessViewController.swift */,
				C03E4F17286274930041E380 /* GraphMessViewController.xib */,
				C03E4F1E286276B40041E380 /* GraphSondageViewController.swift */,
				C03E4F1F286276B40041E380 /* GraphSondageViewController.xib */,
				C03E4F262862780A0041E380 /* GraphCotisationViewController.swift */,
				C03E4F272862780A0041E380 /* GraphCotisationViewController.xib */,
			);
			path = Graph;
			sourceTree = "<group>";
		};
		C0D3F8C72877138B00C1159A /* Graph */ = {
			isa = PBXGroup;
			children = (
				C0A8CBE52880ABEC005CE156 /* ChartStringFormatter.swift */,
				C0D3F8C8287714BC00C1159A /* GraphStatesVoteViewController.swift */,
				C0D3F8C9287714BC00C1159A /* GraphStatesVoteViewController.xib */,
				C0D3F8D128771E9900C1159A /* GraphAbstentionViewController.swift */,
				C0D3F8D228771E9900C1159A /* GraphAbstentionViewController.xib */,
				C0D3F8DE2877243000C1159A /* GraphResultViewController.swift */,
				C0D3F8DF2877243000C1159A /* GraphResultViewController.xib */,
			);
			path = Graph;
			sourceTree = "<group>";
		};
		C0D3F8E228772A5000C1159A /* Adherents */ = {
			isa = PBXGroup;
			children = (
				C0E514542835572300C8AF23 /* StatesPoliticPartyViewController.swift */,
				C0E514552835572300C8AF23 /* StatesPoliticPartyViewController.xib */,
				C0FCBFAC28452DC000FF3E3F /* SuppAdherentViewController.swift */,
				C0FCBFAD28452DC000FF3E3F /* SuppAdherentViewController.xib */,
			);
			path = Adherents;
			sourceTree = "<group>";
		};
		C0E5140A282C629000C8AF23 = {
			isa = PBXGroup;
			children = (
				C0E51415282C629000C8AF23 /* CStats */,
				C0E51414282C629000C8AF23 /* Products */,
				E39DF9120B79E0BAC313ED76 /* Pods */,
				16AB026977395FB17E44B4B1 /* Frameworks */,
			);
			sourceTree = "<group>";
		};
		C0E51414282C629000C8AF23 /* Products */ = {
			isa = PBXGroup;
			children = (
				C0E51413282C629000C8AF23 /* CStats.app */,
			);
			name = Products;
			sourceTree = "<group>";
		};
		C0E51415282C629000C8AF23 /* CStats */ = {
			isa = PBXGroup;
			children = (
				C0E51442282E9CD100C8AF23 /* CstatesWebServices.swift */,
				C0D3F8C228685F1E00C1159A /* UserSession.swift */,
				C03E4F0E286260140041E380 /* Object */,
				C0E5143A282DB05C00C8AF23 /* HomePageViewController.swift */,
				C0E5143B282DB05C00C8AF23 /* HomePageViewController.xib */,
				C0E51449283531FB00C8AF23 /* PoliticParty */,
				C0E514532835341D00C8AF23 /* Vote */,
				C0E5144E283533B200C8AF23 /* Manifestation */,
				C0E51416282C629000C8AF23 /* AppDelegate.swift */,
				C0E5141F282C629100C8AF23 /* Assets.xcassets */,
				C0E51421282C629100C8AF23 /* LaunchScreen.storyboard */,
				C0E51424282C629100C8AF23 /* Info.plist */,
				C0D3F8E3287778E500C1159A /* GoogleService-Info.plist */,
			);
			path = CStats;
			sourceTree = "<group>";
		};
		C0E51444282E9CDD00C8AF23 /* Connexion */ = {
			isa = PBXGroup;
			children = (
				C0E5143E282DB39200C8AF23 /* ConnexionViewController.swift */,
				C0E5143F282DB39200C8AF23 /* ConnexionViewController.xib */,
				C0E51432282DAAFB00C8AF23 /* InscriptionViewController.swift */,
				C0E51433282DAAFB00C8AF23 /* InscriptionViewController.xib */,
				C0E51436282DADA700C8AF23 /* InscriptionMessViewController.swift */,
				C0E51437282DADA700C8AF23 /* InscriptionMessViewController.xib */,
			);
			path = Connexion;
			sourceTree = "<group>";
		};
		C0E51449283531FB00C8AF23 /* PoliticParty */ = {
			isa = PBXGroup;
			children = (
				C0E51444282E9CDD00C8AF23 /* Connexion */,
				C0E51445283531F400C8AF23 /* PoliticPartyViewController.swift */,
				C0E51446283531F400C8AF23 /* PoliticPartyViewController.xib */,
				C03E4F15286273DD0041E380 /* Graph */,
				C03E4F042855C6280041E380 /* MeetingViewController.swift */,
				C03E4F052855C6280041E380 /* MeetingViewController.xib */,
				C0D3F8FD287B4FDD00C1159A /* ItemMeetViewController.swift */,
				C0D3F8FE287B4FDD00C1159A /* ItemMeetViewController.xib */,
				C03E4F11286273CE0041E380 /* MessageViewController.swift */,
				C03E4F12286273CE0041E380 /* MessageViewController.xib */,
				C03E4F1A286275D00041E380 /* SondageViewController.swift */,
				C03E4F1B286275D00041E380 /* SondageViewController.xib */,
				C03E4F22286277400041E380 /* CotisationViewController.swift */,
				C03E4F23286277400041E380 /* CotisationViewController.xib */,
			);
			path = PoliticParty;
			sourceTree = "<group>";
		};
		C0E5144E283533B200C8AF23 /* Manifestation */ = {
			isa = PBXGroup;
			children = (
				C0E5144A283533AC00C8AF23 /* ManifestationViewController.swift */,
				C0E5144B283533AC00C8AF23 /* ManifestationViewController.xib */,
				C0E5145E2835622800C8AF23 /* StatesManifestationViewController.swift */,
				C0E5145F2835622800C8AF23 /* StatesManifestationViewController.xib */,
			);
			path = Manifestation;
			sourceTree = "<group>";
		};
		C0E514532835341D00C8AF23 /* Vote */ = {
			isa = PBXGroup;
			children = (
				C0E5144F2835341800C8AF23 /* VoteViewController.swift */,
				C0E514502835341800C8AF23 /* VoteViewController.xib */,
				C0D3F8C72877138B00C1159A /* Graph */,
				C0E514582835605C00C8AF23 /* StatesVoteViewController.swift */,
				C0E514592835605C00C8AF23 /* StatesVoteViewController.xib */,
				C0D3F8D628771FDC00C1159A /* AbstentionViewController.swift */,
				C0D3F8D728771FDC00C1159A /* AbstentionViewController.xib */,
				C0D3F8DA2877241C00C1159A /* ResultViewController.swift */,
				C0D3F8DB2877241C00C1159A /* ResultViewController.xib */,
			);
			path = Vote;
			sourceTree = "<group>";
		};
		E39DF9120B79E0BAC313ED76 /* Pods */ = {
			isa = PBXGroup;
			children = (
				CA0FD8B635A48E83EF6A2201 /* Pods-CStats.debug.xcconfig */,
				82D4FD57DF2283BCCB598C5A /* Pods-CStats.release.xcconfig */,
			);
			path = Pods;
			sourceTree = "<group>";
		};
/* End PBXGroup section */

/* Begin PBXNativeTarget section */
		C0E51412282C629000C8AF23 /* CStats */ = {
			isa = PBXNativeTarget;
			buildConfigurationList = C0E51427282C629100C8AF23 /* Build configuration list for PBXNativeTarget "CStats" */;
			buildPhases = (
				CFC4158A2EA2302D07C987D0 /* [CP] Check Pods Manifest.lock */,
				C0E5140F282C629000C8AF23 /* Sources */,
				C0E51410282C629000C8AF23 /* Frameworks */,
				C0E51411282C629000C8AF23 /* Resources */,
				AB2724C63CC3725E85DA7C0B /* [CP] Embed Pods Frameworks */,
			);
			buildRules = (
			);
			dependencies = (
			);
			name = CStats;
			packageProductDependencies = (
				C0D3F8E728777D6000C1159A /* FirebaseAnalytics */,
				C0D3F8E928777D6000C1159A /* FirebaseAnalyticsSwift */,
				C0D3F8EB28777D6000C1159A /* FirebaseAnalyticsWithoutAdIdSupport */,
				C0D3F8ED28777D6000C1159A /* FirebaseAuth */,
				C0D3F8EF28777D6000C1159A /* FirebaseAuthCombine-Community */,
				C0D3F8F128777D6000C1159A /* FirebaseCrashlytics */,
				C0D3F8F328777D6000C1159A /* FirebaseDatabase */,
				C0D3F8F528777D6000C1159A /* FirebaseDatabaseSwift */,
				C0D3F8F728777D6000C1159A /* FirebaseRemoteConfig */,
				C0D3F8F928777D6000C1159A /* FirebaseRemoteConfigSwift */,
			);
			productName = CStats;
			productReference = C0E51413282C629000C8AF23 /* CStats.app */;
			productType = "com.apple.product-type.application";
		};
/* End PBXNativeTarget section */

/* Begin PBXProject section */
		C0E5140B282C629000C8AF23 /* Project object */ = {
			isa = PBXProject;
			attributes = {
				BuildIndependentTargetsInParallel = 1;
				LastSwiftUpdateCheck = 1320;
				LastUpgradeCheck = 1320;
				TargetAttributes = {
					C0E51412282C629000C8AF23 = {
						CreatedOnToolsVersion = 13.2.1;
					};
				};
			};
			buildConfigurationList = C0E5140E282C629000C8AF23 /* Build configuration list for PBXProject "CStats" */;
			compatibilityVersion = "Xcode 13.0";
			developmentRegion = en;
			hasScannedForEncodings = 0;
			knownRegions = (
				en,
				Base,
			);
			mainGroup = C0E5140A282C629000C8AF23;
			packageReferences = (
				C0D3F8E628777D6000C1159A /* XCRemoteSwiftPackageReference "firebase-ios-sdk" */,
			);
			productRefGroup = C0E51414282C629000C8AF23 /* Products */;
			projectDirPath = "";
			projectRoot = "";
			targets = (
				C0E51412282C629000C8AF23 /* CStats */,
			);
		};
/* End PBXProject section */

/* Begin PBXResourcesBuildPhase section */
		C0E51411282C629000C8AF23 /* Resources */ = {
			isa = PBXResourcesBuildPhase;
			buildActionMask = 2147483647;
			files = (
				C0E514572835572300C8AF23 /* StatesPoliticPartyViewController.xib in Resources */,
				C03E4F21286276B40041E380 /* GraphSondageViewController.xib in Resources */,
				C0E51423282C629100C8AF23 /* LaunchScreen.storyboard in Resources */,
				C0D3F8CB287714BC00C1159A /* GraphStatesVoteViewController.xib in Resources */,
				C0E514522835341800C8AF23 /* VoteViewController.xib in Resources */,
				C03E4F292862780A0041E380 /* GraphCotisationViewController.xib in Resources */,
				C0D3F8E12877243000C1159A /* GraphResultViewController.xib in Resources */,
				C0D3F8D428771E9900C1159A /* GraphAbstentionViewController.xib in Resources */,
				C0E514612835622800C8AF23 /* StatesManifestationViewController.xib in Resources */,
				C0E5144D283533AC00C8AF23 /* ManifestationViewController.xib in Resources */,
				C0E5145B2835605C00C8AF23 /* StatesVoteViewController.xib in Resources */,
				C0E51448283531F400C8AF23 /* PoliticPartyViewController.xib in Resources */,
				C03E4F0B286256150041E380 /* GraphMeetViewController.xib in Resources */,
				C0E5143D282DB05C00C8AF23 /* HomePageViewController.xib in Resources */,
				C0E51435282DAAFB00C8AF23 /* InscriptionViewController.xib in Resources */,
				C03E4F1D286275D10041E380 /* SondageViewController.xib in Resources */,
				C0E51420282C629100C8AF23 /* Assets.xcassets in Resources */,
				C03E4F072855C6280041E380 /* MeetingViewController.xib in Resources */,
				C0FCBFAF28452DC000FF3E3F /* SuppAdherentViewController.xib in Resources */,
				C0E51441282DB39300C8AF23 /* ConnexionViewController.xib in Resources */,
				C0D3F8D928771FDC00C1159A /* AbstentionViewController.xib in Resources */,
				C03E4F19286274930041E380 /* GraphMessViewController.xib in Resources */,
				C03E4F25286277400041E380 /* CotisationViewController.xib in Resources */,
				C03E4F14286273CE0041E380 /* MessageViewController.xib in Resources */,
				C0D3F900287B4FDD00C1159A /* ItemMeetViewController.xib in Resources */,
				C0D3F8DD2877241C00C1159A /* ResultViewController.xib in Resources */,
				C0E51439282DADA700C8AF23 /* InscriptionMessViewController.xib in Resources */,
				C0D3F8E4287778E600C1159A /* GoogleService-Info.plist in Resources */,
			);
			runOnlyForDeploymentPostprocessing = 0;
		};
/* End PBXResourcesBuildPhase section */

/* Begin PBXShellScriptBuildPhase section */
		AB2724C63CC3725E85DA7C0B /* [CP] Embed Pods Frameworks */ = {
			isa = PBXShellScriptBuildPhase;
			buildActionMask = 2147483647;
			files = (
			);
			inputFileListPaths = (
				"${PODS_ROOT}/Target Support Files/Pods-CStats/Pods-CStats-frameworks-${CONFIGURATION}-input-files.xcfilelist",
			);
			name = "[CP] Embed Pods Frameworks";
			outputFileListPaths = (
				"${PODS_ROOT}/Target Support Files/Pods-CStats/Pods-CStats-frameworks-${CONFIGURATION}-output-files.xcfilelist",
			);
			runOnlyForDeploymentPostprocessing = 0;
			shellPath = /bin/sh;
			shellScript = "\"${PODS_ROOT}/Target Support Files/Pods-CStats/Pods-CStats-frameworks.sh\"\n";
			showEnvVarsInLog = 0;
		};
		CFC4158A2EA2302D07C987D0 /* [CP] Check Pods Manifest.lock */ = {
			isa = PBXShellScriptBuildPhase;
			buildActionMask = 2147483647;
			files = (
			);
			inputFileListPaths = (
			);
			inputPaths = (
				"${PODS_PODFILE_DIR_PATH}/Podfile.lock",
				"${PODS_ROOT}/Manifest.lock",
			);
			name = "[CP] Check Pods Manifest.lock";
			outputFileListPaths = (
			);
			outputPaths = (
				"$(DERIVED_FILE_DIR)/Pods-CStats-checkManifestLockResult.txt",
			);
			runOnlyForDeploymentPostprocessing = 0;
			shellPath = /bin/sh;
			shellScript = "diff \"${PODS_PODFILE_DIR_PATH}/Podfile.lock\" \"${PODS_ROOT}/Manifest.lock\" > /dev/null\nif [ $? != 0 ] ; then\n    # print error to STDERR\n    echo \"error: The sandbox is not in sync with the Podfile.lock. Run 'pod install' or update your CocoaPods installation.\" >&2\n    exit 1\nfi\n# This output is used by Xcode 'outputs' to avoid re-running this script phase.\necho \"SUCCESS\" > \"${SCRIPT_OUTPUT_FILE_0}\"\n";
			showEnvVarsInLog = 0;
		};
/* End PBXShellScriptBuildPhase section */

/* Begin PBXSourcesBuildPhase section */
		C0E5140F282C629000C8AF23 /* Sources */ = {
			isa = PBXSourcesBuildPhase;
			buildActionMask = 2147483647;
			files = (
				C03E4F282862780A0041E380 /* GraphCotisationViewController.swift in Sources */,
				C0D3F8DC2877241C00C1159A /* ResultViewController.swift in Sources */,
				C0E514562835572300C8AF23 /* StatesPoliticPartyViewController.swift in Sources */,
				C0A8CBE62880ABEC005CE156 /* ChartStringFormatter.swift in Sources */,
				C03E4F1C286275D00041E380 /* SondageViewController.swift in Sources */,
				C03E4F2B286291AE0041E380 /* ItemList.swift in Sources */,
				C0D3F8CA287714BC00C1159A /* GraphStatesVoteViewController.swift in Sources */,
				C0E51440282DB39300C8AF23 /* ConnexionViewController.swift in Sources */,
				C0D3F8D828771FDC00C1159A /* AbstentionViewController.swift in Sources */,
				C0D3F8FC287AEFC200C1159A /* User.swift in Sources */,
				C03E4F062855C6280041E380 /* MeetingViewController.swift in Sources */,
				C0E51447283531F400C8AF23 /* PoliticPartyViewController.swift in Sources */,
				C0E514602835622800C8AF23 /* StatesManifestationViewController.swift in Sources */,
				C0D3F8C328685F1E00C1159A /* UserSession.swift in Sources */,
				C0E51417282C629000C8AF23 /* AppDelegate.swift in Sources */,
				C0D3F8D328771E9900C1159A /* GraphAbstentionViewController.swift in Sources */,
				C0D3F8E02877243000C1159A /* GraphResultViewController.swift in Sources */,
				C0E51434282DAAFB00C8AF23 /* InscriptionViewController.swift in Sources */,
				C0E5145A2835605C00C8AF23 /* StatesVoteViewController.swift in Sources */,
				C03E4F13286273CE0041E380 /* MessageViewController.swift in Sources */,
				C0E5143C282DB05C00C8AF23 /* HomePageViewController.swift in Sources */,
				C03E4F24286277400041E380 /* CotisationViewController.swift in Sources */,
				C03E4F0A286256150041E380 /* GraphMeetViewController.swift in Sources */,
				C0E51443282E9CD100C8AF23 /* CstatesWebServices.swift in Sources */,
				C03E4F18286274930041E380 /* GraphMessViewController.swift in Sources */,
				C0E514512835341800C8AF23 /* VoteViewController.swift in Sources */,
				C0FCBFAE28452DC000FF3E3F /* SuppAdherentViewController.swift in Sources */,
				C0E51438282DADA700C8AF23 /* InscriptionMessViewController.swift in Sources */,
				C03E4F20286276B40041E380 /* GraphSondageViewController.swift in Sources */,
				C0D3F8FF287B4FDD00C1159A /* ItemMeetViewController.swift in Sources */,
				C0E5144C283533AC00C8AF23 /* ManifestationViewController.swift in Sources */,
			);
			runOnlyForDeploymentPostprocessing = 0;
		};
/* End PBXSourcesBuildPhase section */

/* Begin PBXVariantGroup section */
		C0E51421282C629100C8AF23 /* LaunchScreen.storyboard */ = {
			isa = PBXVariantGroup;
			children = (
				C0E51422282C629100C8AF23 /* Base */,
			);
			name = LaunchScreen.storyboard;
			sourceTree = "<group>";
		};
/* End PBXVariantGroup section */

/* Begin XCBuildConfiguration section */
		C0E51425282C629100C8AF23 /* Debug */ = {
			isa = XCBuildConfiguration;
			buildSettings = {
				ALWAYS_SEARCH_USER_PATHS = NO;
				CLANG_ANALYZER_NONNULL = YES;
				CLANG_ANALYZER_NUMBER_OBJECT_CONVERSION = YES_AGGRESSIVE;
				CLANG_CXX_LANGUAGE_STANDARD = "gnu++17";
				CLANG_CXX_LIBRARY = "libc++";
				CLANG_ENABLE_MODULES = YES;
				CLANG_ENABLE_OBJC_ARC = YES;
				CLANG_ENABLE_OBJC_WEAK = YES;
				CLANG_WARN_BLOCK_CAPTURE_AUTORELEASING = YES;
				CLANG_WARN_BOOL_CONVERSION = YES;
				CLANG_WARN_COMMA = YES;
				CLANG_WARN_CONSTANT_CONVERSION = YES;
				CLANG_WARN_DEPRECATED_OBJC_IMPLEMENTATIONS = YES;
				CLANG_WARN_DIRECT_OBJC_ISA_USAGE = YES_ERROR;
				CLANG_WARN_DOCUMENTATION_COMMENTS = YES;
				CLANG_WARN_EMPTY_BODY = YES;
				CLANG_WARN_ENUM_CONVERSION = YES;
				CLANG_WARN_INFINITE_RECURSION = YES;
				CLANG_WARN_INT_CONVERSION = YES;
				CLANG_WARN_NON_LITERAL_NULL_CONVERSION = YES;
				CLANG_WARN_OBJC_IMPLICIT_RETAIN_SELF = YES;
				CLANG_WARN_OBJC_LITERAL_CONVERSION = YES;
				CLANG_WARN_OBJC_ROOT_CLASS = YES_ERROR;
				CLANG_WARN_QUOTED_INCLUDE_IN_FRAMEWORK_HEADER = YES;
				CLANG_WARN_RANGE_LOOP_ANALYSIS = YES;
				CLANG_WARN_STRICT_PROTOTYPES = YES;
				CLANG_WARN_SUSPICIOUS_MOVE = YES;
				CLANG_WARN_UNGUARDED_AVAILABILITY = YES_AGGRESSIVE;
				CLANG_WARN_UNREACHABLE_CODE = YES;
				CLANG_WARN__DUPLICATE_METHOD_MATCH = YES;
				COPY_PHASE_STRIP = NO;
				DEBUG_INFORMATION_FORMAT = dwarf;
				ENABLE_STRICT_OBJC_MSGSEND = YES;
				ENABLE_TESTABILITY = YES;
				GCC_C_LANGUAGE_STANDARD = gnu11;
				GCC_DYNAMIC_NO_PIC = NO;
				GCC_NO_COMMON_BLOCKS = YES;
				GCC_OPTIMIZATION_LEVEL = 0;
				GCC_PREPROCESSOR_DEFINITIONS = (
					"DEBUG=1",
					"$(inherited)",
				);
				GCC_WARN_64_TO_32_BIT_CONVERSION = YES;
				GCC_WARN_ABOUT_RETURN_TYPE = YES_ERROR;
				GCC_WARN_UNDECLARED_SELECTOR = YES;
				GCC_WARN_UNINITIALIZED_AUTOS = YES_AGGRESSIVE;
				GCC_WARN_UNUSED_FUNCTION = YES;
				GCC_WARN_UNUSED_VARIABLE = YES;
				IPHONEOS_DEPLOYMENT_TARGET = 15.2;
				MTL_ENABLE_DEBUG_INFO = INCLUDE_SOURCE;
				MTL_FAST_MATH = YES;
				ONLY_ACTIVE_ARCH = YES;
				SDKROOT = iphoneos;
				SWIFT_ACTIVE_COMPILATION_CONDITIONS = DEBUG;
				SWIFT_OPTIMIZATION_LEVEL = "-Onone";
			};
			name = Debug;
		};
		C0E51426282C629100C8AF23 /* Release */ = {
			isa = XCBuildConfiguration;
			buildSettings = {
				ALWAYS_SEARCH_USER_PATHS = NO;
				CLANG_ANALYZER_NONNULL = YES;
				CLANG_ANALYZER_NUMBER_OBJECT_CONVERSION = YES_AGGRESSIVE;
				CLANG_CXX_LANGUAGE_STANDARD = "gnu++17";
				CLANG_CXX_LIBRARY = "libc++";
				CLANG_ENABLE_MODULES = YES;
				CLANG_ENABLE_OBJC_ARC = YES;
				CLANG_ENABLE_OBJC_WEAK = YES;
				CLANG_WARN_BLOCK_CAPTURE_AUTORELEASING = YES;
				CLANG_WARN_BOOL_CONVERSION = YES;
				CLANG_WARN_COMMA = YES;
				CLANG_WARN_CONSTANT_CONVERSION = YES;
				CLANG_WARN_DEPRECATED_OBJC_IMPLEMENTATIONS = YES;
				CLANG_WARN_DIRECT_OBJC_ISA_USAGE = YES_ERROR;
				CLANG_WARN_DOCUMENTATION_COMMENTS = YES;
				CLANG_WARN_EMPTY_BODY = YES;
				CLANG_WARN_ENUM_CONVERSION = YES;
				CLANG_WARN_INFINITE_RECURSION = YES;
				CLANG_WARN_INT_CONVERSION = YES;
				CLANG_WARN_NON_LITERAL_NULL_CONVERSION = YES;
				CLANG_WARN_OBJC_IMPLICIT_RETAIN_SELF = YES;
				CLANG_WARN_OBJC_LITERAL_CONVERSION = YES;
				CLANG_WARN_OBJC_ROOT_CLASS = YES_ERROR;
				CLANG_WARN_QUOTED_INCLUDE_IN_FRAMEWORK_HEADER = YES;
				CLANG_WARN_RANGE_LOOP_ANALYSIS = YES;
				CLANG_WARN_STRICT_PROTOTYPES = YES;
				CLANG_WARN_SUSPICIOUS_MOVE = YES;
				CLANG_WARN_UNGUARDED_AVAILABILITY = YES_AGGRESSIVE;
				CLANG_WARN_UNREACHABLE_CODE = YES;
				CLANG_WARN__DUPLICATE_METHOD_MATCH = YES;
				COPY_PHASE_STRIP = NO;
				DEBUG_INFORMATION_FORMAT = "dwarf-with-dsym";
				ENABLE_NS_ASSERTIONS = NO;
				ENABLE_STRICT_OBJC_MSGSEND = YES;
				GCC_C_LANGUAGE_STANDARD = gnu11;
				GCC_NO_COMMON_BLOCKS = YES;
				GCC_WARN_64_TO_32_BIT_CONVERSION = YES;
				GCC_WARN_ABOUT_RETURN_TYPE = YES_ERROR;
				GCC_WARN_UNDECLARED_SELECTOR = YES;
				GCC_WARN_UNINITIALIZED_AUTOS = YES_AGGRESSIVE;
				GCC_WARN_UNUSED_FUNCTION = YES;
				GCC_WARN_UNUSED_VARIABLE = YES;
				IPHONEOS_DEPLOYMENT_TARGET = 15.2;
				MTL_ENABLE_DEBUG_INFO = NO;
				MTL_FAST_MATH = YES;
				SDKROOT = iphoneos;
				SWIFT_COMPILATION_MODE = wholemodule;
				SWIFT_OPTIMIZATION_LEVEL = "-O";
				VALIDATE_PRODUCT = YES;
			};
			name = Release;
		};
		C0E51428282C629100C8AF23 /* Debug */ = {
			isa = XCBuildConfiguration;
			baseConfigurationReference = CA0FD8B635A48E83EF6A2201 /* Pods-CStats.debug.xcconfig */;
			buildSettings = {
				ASSETCATALOG_COMPILER_APPICON_NAME = AppIcon;
				ASSETCATALOG_COMPILER_GLOBAL_ACCENT_COLOR_NAME = AccentColor;
				CODE_SIGN_STYLE = Automatic;
				CURRENT_PROJECT_VERSION = 1;
				GENERATE_INFOPLIST_FILE = YES;
				INFOPLIST_FILE = CStats/Info.plist;
				INFOPLIST_KEY_UIApplicationSupportsIndirectInputEvents = YES;
				INFOPLIST_KEY_UILaunchStoryboardName = LaunchScreen;
				INFOPLIST_KEY_UISupportedInterfaceOrientations_iPad = "UIInterfaceOrientationPortrait UIInterfaceOrientationPortraitUpsideDown UIInterfaceOrientationLandscapeLeft UIInterfaceOrientationLandscapeRight";
				INFOPLIST_KEY_UISupportedInterfaceOrientations_iPhone = "UIInterfaceOrientationPortrait UIInterfaceOrientationLandscapeLeft UIInterfaceOrientationLandscapeRight";
				LD_RUNPATH_SEARCH_PATHS = (
					"$(inherited)",
					"@executable_path/Frameworks",
				);
				MARKETING_VERSION = 1.0;
				PRODUCT_BUNDLE_IDENTIFIER = com.cyberacy.stats;
				PRODUCT_NAME = "$(TARGET_NAME)";
				SWIFT_EMIT_LOC_STRINGS = YES;
				SWIFT_VERSION = 5.0;
				TARGETED_DEVICE_FAMILY = "1,2";
			};
			name = Debug;
		};
		C0E51429282C629100C8AF23 /* Release */ = {
			isa = XCBuildConfiguration;
			baseConfigurationReference = 82D4FD57DF2283BCCB598C5A /* Pods-CStats.release.xcconfig */;
			buildSettings = {
				ASSETCATALOG_COMPILER_APPICON_NAME = AppIcon;
				ASSETCATALOG_COMPILER_GLOBAL_ACCENT_COLOR_NAME = AccentColor;
				CODE_SIGN_STYLE = Automatic;
				CURRENT_PROJECT_VERSION = 1;
				GENERATE_INFOPLIST_FILE = YES;
				INFOPLIST_FILE = CStats/Info.plist;
				INFOPLIST_KEY_UIApplicationSupportsIndirectInputEvents = YES;
				INFOPLIST_KEY_UILaunchStoryboardName = LaunchScreen;
				INFOPLIST_KEY_UISupportedInterfaceOrientations_iPad = "UIInterfaceOrientationPortrait UIInterfaceOrientationPortraitUpsideDown UIInterfaceOrientationLandscapeLeft UIInterfaceOrientationLandscapeRight";
				INFOPLIST_KEY_UISupportedInterfaceOrientations_iPhone = "UIInterfaceOrientationPortrait UIInterfaceOrientationLandscapeLeft UIInterfaceOrientationLandscapeRight";
				LD_RUNPATH_SEARCH_PATHS = (
					"$(inherited)",
					"@executable_path/Frameworks",
				);
				MARKETING_VERSION = 1.0;
				PRODUCT_BUNDLE_IDENTIFIER = com.cyberacy.stats;
				PRODUCT_NAME = "$(TARGET_NAME)";
				SWIFT_EMIT_LOC_STRINGS = YES;
				SWIFT_VERSION = 5.0;
				TARGETED_DEVICE_FAMILY = "1,2";
			};
			name = Release;
		};
/* End XCBuildConfiguration section */

/* Begin XCConfigurationList section */
		C0E5140E282C629000C8AF23 /* Build configuration list for PBXProject "CStats" */ = {
			isa = XCConfigurationList;
			buildConfigurations = (
				C0E51425282C629100C8AF23 /* Debug */,
				C0E51426282C629100C8AF23 /* Release */,
			);
			defaultConfigurationIsVisible = 0;
			defaultConfigurationName = Release;
		};
		C0E51427282C629100C8AF23 /* Build configuration list for PBXNativeTarget "CStats" */ = {
			isa = XCConfigurationList;
			buildConfigurations = (
				C0E51428282C629100C8AF23 /* Debug */,
				C0E51429282C629100C8AF23 /* Release */,
			);
			defaultConfigurationIsVisible = 0;
			defaultConfigurationName = Release;
		};
/* End XCConfigurationList section */

/* Begin XCRemoteSwiftPackageReference section */
		C0D3F8E628777D6000C1159A /* XCRemoteSwiftPackageReference "firebase-ios-sdk" */ = {
			isa = XCRemoteSwiftPackageReference;
			repositoryURL = "https://github.com/firebase/firebase-ios-sdk";
			requirement = {
				kind = upToNextMajorVersion;
				minimumVersion = 9.0.0;
			};
		};
/* End XCRemoteSwiftPackageReference section */

/* Begin XCSwiftPackageProductDependency section */
		C0D3F8E728777D6000C1159A /* FirebaseAnalytics */ = {
			isa = XCSwiftPackageProductDependency;
			package = C0D3F8E628777D6000C1159A /* XCRemoteSwiftPackageReference "firebase-ios-sdk" */;
			productName = FirebaseAnalytics;
		};
		C0D3F8E928777D6000C1159A /* FirebaseAnalyticsSwift */ = {
			isa = XCSwiftPackageProductDependency;
			package = C0D3F8E628777D6000C1159A /* XCRemoteSwiftPackageReference "firebase-ios-sdk" */;
			productName = FirebaseAnalyticsSwift;
		};
		C0D3F8EB28777D6000C1159A /* FirebaseAnalyticsWithoutAdIdSupport */ = {
			isa = XCSwiftPackageProductDependency;
			package = C0D3F8E628777D6000C1159A /* XCRemoteSwiftPackageReference "firebase-ios-sdk" */;
			productName = FirebaseAnalyticsWithoutAdIdSupport;
		};
		C0D3F8ED28777D6000C1159A /* FirebaseAuth */ = {
			isa = XCSwiftPackageProductDependency;
			package = C0D3F8E628777D6000C1159A /* XCRemoteSwiftPackageReference "firebase-ios-sdk" */;
			productName = FirebaseAuth;
		};
		C0D3F8EF28777D6000C1159A /* FirebaseAuthCombine-Community */ = {
			isa = XCSwiftPackageProductDependency;
			package = C0D3F8E628777D6000C1159A /* XCRemoteSwiftPackageReference "firebase-ios-sdk" */;
			productName = "FirebaseAuthCombine-Community";
		};
		C0D3F8F128777D6000C1159A /* FirebaseCrashlytics */ = {
			isa = XCSwiftPackageProductDependency;
			package = C0D3F8E628777D6000C1159A /* XCRemoteSwiftPackageReference "firebase-ios-sdk" */;
			productName = FirebaseCrashlytics;
		};
		C0D3F8F328777D6000C1159A /* FirebaseDatabase */ = {
			isa = XCSwiftPackageProductDependency;
			package = C0D3F8E628777D6000C1159A /* XCRemoteSwiftPackageReference "firebase-ios-sdk" */;
			productName = FirebaseDatabase;
		};
		C0D3F8F528777D6000C1159A /* FirebaseDatabaseSwift */ = {
			isa = XCSwiftPackageProductDependency;
			package = C0D3F8E628777D6000C1159A /* XCRemoteSwiftPackageReference "firebase-ios-sdk" */;
			productName = FirebaseDatabaseSwift;
		};
		C0D3F8F728777D6000C1159A /* FirebaseRemoteConfig */ = {
			isa = XCSwiftPackageProductDependency;
			package = C0D3F8E628777D6000C1159A /* XCRemoteSwiftPackageReference "firebase-ios-sdk" */;
			productName = FirebaseRemoteConfig;
		};
		C0D3F8F928777D6000C1159A /* FirebaseRemoteConfigSwift */ = {
			isa = XCSwiftPackageProductDependency;
			package = C0D3F8E628777D6000C1159A /* XCRemoteSwiftPackageReference "firebase-ios-sdk" */;
			productName = FirebaseRemoteConfigSwift;
		};
/* End XCSwiftPackageProductDependency section */
	};
	rootObject = C0E5140B282C629000C8AF23 /* Project object */;
}
